// !$*UTF8*$!
{
	archiveVersion = 1;
	classes = {
	};
	objectVersion = 56;
	objects = {

/* Begin PBXBuildFile section */
		772035982CBE29080070C965 /* hikeData.json in Resources */ = {isa = PBXBuildFile; fileRef = 772035972CBE29080070C965 /* hikeData.json */; };
		7720359A2CBE293D0070C965 /* Hike.swift in Sources */ = {isa = PBXBuildFile; fileRef = 772035992CBE293D0070C965 /* Hike.swift */; };
		772035A02CBE2A1B0070C965 /* GraphCapsule.swift in Sources */ = {isa = PBXBuildFile; fileRef = 7720359B2CBE2A1B0070C965 /* GraphCapsule.swift */; };
		772035A12CBE2A1B0070C965 /* HikeDetail.swift in Sources */ = {isa = PBXBuildFile; fileRef = 7720359C2CBE2A1B0070C965 /* HikeDetail.swift */; };
		772035A22CBE2A1B0070C965 /* HikeGraph.swift in Sources */ = {isa = PBXBuildFile; fileRef = 7720359D2CBE2A1B0070C965 /* HikeGraph.swift */; };
		772035A32CBE2A1B0070C965 /* HikeView.swift in Sources */ = {isa = PBXBuildFile; fileRef = 7720359E2CBE2A1B0070C965 /* HikeView.swift */; };
		775794C02CA6D15300888D3F /* LandmarksApp.swift in Sources */ = {isa = PBXBuildFile; fileRef = 775794BF2CA6D15300888D3F /* LandmarksApp.swift */; };
		775794C22CA6D15300888D3F /* ContentView.swift in Sources */ = {isa = PBXBuildFile; fileRef = 775794C12CA6D15300888D3F /* ContentView.swift */; };
		775794C42CA6D15500888D3F /* Assets.xcassets in Resources */ = {isa = PBXBuildFile; fileRef = 775794C32CA6D15500888D3F /* Assets.xcassets */; };
		775794C72CA6D15500888D3F /* Preview Assets.xcassets in Resources */ = {isa = PBXBuildFile; fileRef = 775794C62CA6D15500888D3F /* Preview Assets.xcassets */; };
		775794D22CB519C800888D3F /* CircleImage.swift in Sources */ = {isa = PBXBuildFile; fileRef = 775794D12CB519C800888D3F /* CircleImage.swift */; };
		775794D42CB51B8700888D3F /* MapView.swift in Sources */ = {isa = PBXBuildFile; fileRef = 775794D32CB51B8700888D3F /* MapView.swift */; };
		775794D62CB51EAF00888D3F /* landmarkData.json in Resources */ = {isa = PBXBuildFile; fileRef = 775794D52CB51EAF00888D3F /* landmarkData.json */; };
		775794D82CB549BE00888D3F /* Landmark.swift in Sources */ = {isa = PBXBuildFile; fileRef = 775794D72CB549BE00888D3F /* Landmark.swift */; };
		775794DA2CB75E7500888D3F /* ModelData.swift in Sources */ = {isa = PBXBuildFile; fileRef = 775794D92CB75E7500888D3F /* ModelData.swift */; };
		775794DF2CB75F4C00888D3F /* LandmarkRow.swift in Sources */ = {isa = PBXBuildFile; fileRef = 775794DE2CB75F4C00888D3F /* LandmarkRow.swift */; };
		775794E12CB7621A00888D3F /* LandmarkList.swift in Sources */ = {isa = PBXBuildFile; fileRef = 775794E02CB7621A00888D3F /* LandmarkList.swift */; };
		775794E32CB7649E00888D3F /* LandmarkDetail.swift in Sources */ = {isa = PBXBuildFile; fileRef = 775794E22CB7649E00888D3F /* LandmarkDetail.swift */; };
		778C6BA42CBBB5AB003F90A9 /* FavoriteButton.swift in Sources */ = {isa = PBXBuildFile; fileRef = 778C6BA32CBBB5AB003F90A9 /* FavoriteButton.swift */; };
		778C6BA82CBC8FDF003F90A9 /* HexagonParameters.swift in Sources */ = {isa = PBXBuildFile; fileRef = 778C6BA72CBC8FDF003F90A9 /* HexagonParameters.swift */; };
		778C6BAA2CBC9051003F90A9 /* BadgeBackground.swift in Sources */ = {isa = PBXBuildFile; fileRef = 778C6BA92CBC9051003F90A9 /* BadgeBackground.swift */; };
		778C6BAC2CBD3DD4003F90A9 /* BadgeSymbol.swift in Sources */ = {isa = PBXBuildFile; fileRef = 778C6BAB2CBD3DD4003F90A9 /* BadgeSymbol.swift */; };
		778C6BAE2CBD3E17003F90A9 /* RotatedBadgeSymbol.swift in Sources */ = {isa = PBXBuildFile; fileRef = 778C6BAD2CBD3E17003F90A9 /* RotatedBadgeSymbol.swift */; };
		778C6BB02CBD3E4B003F90A9 /* Badge.swift in Sources */ = {isa = PBXBuildFile; fileRef = 778C6BAF2CBD3E4B003F90A9 /* Badge.swift */; };
/* End PBXBuildFile section */

/* Begin PBXFileReference section */
		772035972CBE29080070C965 /* hikeData.json */ = {isa = PBXFileReference; fileEncoding = 4; lastKnownFileType = text.json; path = hikeData.json; sourceTree = "<group>"; };
		772035992CBE293D0070C965 /* Hike.swift */ = {isa = PBXFileReference; lastKnownFileType = sourcecode.swift; path = Hike.swift; sourceTree = "<group>"; };
		7720359B2CBE2A1B0070C965 /* GraphCapsule.swift */ = {isa = PBXFileReference; fileEncoding = 4; lastKnownFileType = sourcecode.swift; path = GraphCapsule.swift; sourceTree = "<group>"; };
		7720359C2CBE2A1B0070C965 /* HikeDetail.swift */ = {isa = PBXFileReference; fileEncoding = 4; lastKnownFileType = sourcecode.swift; path = HikeDetail.swift; sourceTree = "<group>"; };
		7720359D2CBE2A1B0070C965 /* HikeGraph.swift */ = {isa = PBXFileReference; fileEncoding = 4; lastKnownFileType = sourcecode.swift; path = HikeGraph.swift; sourceTree = "<group>"; };
		7720359E2CBE2A1B0070C965 /* HikeView.swift */ = {isa = PBXFileReference; fileEncoding = 4; lastKnownFileType = sourcecode.swift; path = HikeView.swift; sourceTree = "<group>"; };
		775794BC2CA6D15300888D3F /* Landmarks.app */ = {isa = PBXFileReference; explicitFileType = wrapper.application; includeInIndex = 0; path = Landmarks.app; sourceTree = BUILT_PRODUCTS_DIR; };
		775794BF2CA6D15300888D3F /* LandmarksApp.swift */ = {isa = PBXFileReference; lastKnownFileType = sourcecode.swift; path = LandmarksApp.swift; sourceTree = "<group>"; };
		775794C12CA6D15300888D3F /* ContentView.swift */ = {isa = PBXFileReference; lastKnownFileType = sourcecode.swift; path = ContentView.swift; sourceTree = "<group>"; };
		775794C32CA6D15500888D3F /* Assets.xcassets */ = {isa = PBXFileReference; lastKnownFileType = folder.assetcatalog; path = Assets.xcassets; sourceTree = "<group>"; };
		775794C62CA6D15500888D3F /* Preview Assets.xcassets */ = {isa = PBXFileReference; lastKnownFileType = folder.assetcatalog; path = "Preview Assets.xcassets"; sourceTree = "<group>"; };
		775794D12CB519C800888D3F /* CircleImage.swift */ = {isa = PBXFileReference; lastKnownFileType = sourcecode.swift; path = CircleImage.swift; sourceTree = "<group>"; };
		775794D32CB51B8700888D3F /* MapView.swift */ = {isa = PBXFileReference; lastKnownFileType = sourcecode.swift; path = MapView.swift; sourceTree = "<group>"; };
		775794D52CB51EAF00888D3F /* landmarkData.json */ = {isa = PBXFileReference; fileEncoding = 4; lastKnownFileType = text.json; path = landmarkData.json; sourceTree = "<group>"; };
		775794D72CB549BE00888D3F /* Landmark.swift */ = {isa = PBXFileReference; lastKnownFileType = sourcecode.swift; path = Landmark.swift; sourceTree = "<group>"; };
		775794D92CB75E7500888D3F /* ModelData.swift */ = {isa = PBXFileReference; lastKnownFileType = sourcecode.swift; path = ModelData.swift; sourceTree = "<group>"; };
		775794DE2CB75F4C00888D3F /* LandmarkRow.swift */ = {isa = PBXFileReference; lastKnownFileType = sourcecode.swift; path = LandmarkRow.swift; sourceTree = "<group>"; };
		775794E02CB7621A00888D3F /* LandmarkList.swift */ = {isa = PBXFileReference; lastKnownFileType = sourcecode.swift; path = LandmarkList.swift; sourceTree = "<group>"; };
		775794E22CB7649E00888D3F /* LandmarkDetail.swift */ = {isa = PBXFileReference; lastKnownFileType = sourcecode.swift; path = LandmarkDetail.swift; sourceTree = "<group>"; };
		778C6BA32CBBB5AB003F90A9 /* FavoriteButton.swift */ = {isa = PBXFileReference; lastKnownFileType = sourcecode.swift; path = FavoriteButton.swift; sourceTree = "<group>"; };
		778C6BA72CBC8FDF003F90A9 /* HexagonParameters.swift */ = {isa = PBXFileReference; lastKnownFileType = sourcecode.swift; path = HexagonParameters.swift; sourceTree = "<group>"; };
		778C6BA92CBC9051003F90A9 /* BadgeBackground.swift */ = {isa = PBXFileReference; lastKnownFileType = sourcecode.swift; path = BadgeBackground.swift; sourceTree = "<group>"; };
		778C6BAB2CBD3DD4003F90A9 /* BadgeSymbol.swift */ = {isa = PBXFileReference; lastKnownFileType = sourcecode.swift; path = BadgeSymbol.swift; sourceTree = "<group>"; };
		778C6BAD2CBD3E17003F90A9 /* RotatedBadgeSymbol.swift */ = {isa = PBXFileReference; lastKnownFileType = sourcecode.swift; path = RotatedBadgeSymbol.swift; sourceTree = "<group>"; };
		778C6BAF2CBD3E4B003F90A9 /* Badge.swift */ = {isa = PBXFileReference; lastKnownFileType = sourcecode.swift; path = Badge.swift; sourceTree = "<group>"; };
/* End PBXFileReference section */

/* Begin PBXFrameworksBuildPhase section */
		775794B92CA6D15300888D3F /* Frameworks */ = {
			isa = PBXFrameworksBuildPhase;
			buildActionMask = 2147483647;
			files = (
			);
			runOnlyForDeploymentPostprocessing = 0;
		};
/* End PBXFrameworksBuildPhase section */

/* Begin PBXGroup section */
		7720359F2CBE2A1B0070C965 /* Hikes */ = {
			isa = PBXGroup;
			children = (
				7720359B2CBE2A1B0070C965 /* GraphCapsule.swift */,
				7720359C2CBE2A1B0070C965 /* HikeDetail.swift */,
				7720359D2CBE2A1B0070C965 /* HikeGraph.swift */,
				7720359E2CBE2A1B0070C965 /* HikeView.swift */,
			);
			path = Hikes;
			sourceTree = "<group>";
		};
		775794B32CA6D15300888D3F = {
			isa = PBXGroup;
			children = (
				775794BE2CA6D15300888D3F /* Landmarks */,
				775794BD2CA6D15300888D3F /* Products */,
			);
			sourceTree = "<group>";
		};
		775794BD2CA6D15300888D3F /* Products */ = {
			isa = PBXGroup;
			children = (
				775794BC2CA6D15300888D3F /* Landmarks.app */,
			);
			name = Products;
			sourceTree = "<group>";
		};
		775794BE2CA6D15300888D3F /* Landmarks */ = {
			isa = PBXGroup;
			children = (
				775794BF2CA6D15300888D3F /* LandmarksApp.swift */,
				775794DB2CB75EBE00888D3F /* Views */,
				775794DC2CB75EC700888D3F /* Model */,
				775794DD2CB75ED000888D3F /* Resources */,
				775794C32CA6D15500888D3F /* Assets.xcassets */,
				775794C52CA6D15500888D3F /* Preview Content */,
			);
			path = Landmarks;
			sourceTree = "<group>";
		};
		775794C52CA6D15500888D3F /* Preview Content */ = {
			isa = PBXGroup;
			children = (
				775794C62CA6D15500888D3F /* Preview Assets.xcassets */,
			);
			path = "Preview Content";
			sourceTree = "<group>";
		};
		775794DB2CB75EBE00888D3F /* Views */ = {
			isa = PBXGroup;
			children = (
				7720359F2CBE2A1B0070C965 /* Hikes */,
				778C6BB22CBD3EA6003F90A9 /* Badges */,
				778C6BA62CBBB5E0003F90A9 /* Landmarks */,
				778C6BA52CBBB5D4003F90A9 /* Helper */,
				775794C12CA6D15300888D3F /* ContentView.swift */,
			);
			path = Views;
			sourceTree = "<group>";
		};
		775794DC2CB75EC700888D3F /* Model */ = {
			isa = PBXGroup;
			children = (
				775794D72CB549BE00888D3F /* Landmark.swift */,
				775794D92CB75E7500888D3F /* ModelData.swift */,
				772035992CBE293D0070C965 /* Hike.swift */,
			);
			path = Model;
			sourceTree = "<group>";
		};
		775794DD2CB75ED000888D3F /* Resources */ = {
			isa = PBXGroup;
			children = (
				772035972CBE29080070C965 /* hikeData.json */,
				775794D52CB51EAF00888D3F /* landmarkData.json */,
			);
			path = Resources;
			sourceTree = "<group>";
		};
		778C6BA52CBBB5D4003F90A9 /* Helper */ = {
			isa = PBXGroup;
			children = (
				775794D32CB51B8700888D3F /* MapView.swift */,
				775794D12CB519C800888D3F /* CircleImage.swift */,
				778C6BA32CBBB5AB003F90A9 /* FavoriteButton.swift */,
			);
			path = Helper;
			sourceTree = "<group>";
		};
		778C6BA62CBBB5E0003F90A9 /* Landmarks */ = {
			isa = PBXGroup;
			children = (
				775794E02CB7621A00888D3F /* LandmarkList.swift */,
				775794E22CB7649E00888D3F /* LandmarkDetail.swift */,
				775794DE2CB75F4C00888D3F /* LandmarkRow.swift */,
			);
			path = Landmarks;
			sourceTree = "<group>";
		};
		778C6BB22CBD3EA6003F90A9 /* Badges */ = {
			isa = PBXGroup;
			children = (
				778C6BA72CBC8FDF003F90A9 /* HexagonParameters.swift */,
				778C6BA92CBC9051003F90A9 /* BadgeBackground.swift */,
				778C6BAB2CBD3DD4003F90A9 /* BadgeSymbol.swift */,
				778C6BAD2CBD3E17003F90A9 /* RotatedBadgeSymbol.swift */,
				778C6BAF2CBD3E4B003F90A9 /* Badge.swift */,
			);
			path = Badges;
			sourceTree = "<group>";
		};
/* End PBXGroup section */

/* Begin PBXNativeTarget section */
		775794BB2CA6D15300888D3F /* Landmarks */ = {
			isa = PBXNativeTarget;
			buildConfigurationList = 775794CA2CA6D15500888D3F /* Build configuration list for PBXNativeTarget "Landmarks" */;
			buildPhases = (
				775794B82CA6D15300888D3F /* Sources */,
				775794B92CA6D15300888D3F /* Frameworks */,
				775794BA2CA6D15300888D3F /* Resources */,
			);
			buildRules = (
			);
			dependencies = (
			);
			name = Landmarks;
			productName = Landmarks;
			productReference = 775794BC2CA6D15300888D3F /* Landmarks.app */;
			productType = "com.apple.product-type.application";
		};
/* End PBXNativeTarget section */

/* Begin PBXProject section */
		775794B42CA6D15300888D3F /* Project object */ = {
			isa = PBXProject;
			attributes = {
				BuildIndependentTargetsInParallel = 1;
				LastSwiftUpdateCheck = 1540;
				LastUpgradeCheck = 1540;
				TargetAttributes = {
					775794BB2CA6D15300888D3F = {
						CreatedOnToolsVersion = 15.4;
					};
				};
			};
			buildConfigurationList = 775794B72CA6D15300888D3F /* Build configuration list for PBXProject "Landmarks" */;
			compatibilityVersion = "Xcode 14.0";
			developmentRegion = en;
			hasScannedForEncodings = 0;
			knownRegions = (
				en,
				Base,
			);
			mainGroup = 775794B32CA6D15300888D3F;
			productRefGroup = 775794BD2CA6D15300888D3F /* Products */;
			projectDirPath = "";
			projectRoot = "";
			targets = (
				775794BB2CA6D15300888D3F /* Landmarks */,
			);
		};
/* End PBXProject section */

/* Begin PBXResourcesBuildPhase section */
		775794BA2CA6D15300888D3F /* Resources */ = {
			isa = PBXResourcesBuildPhase;
			buildActionMask = 2147483647;
			files = (
				772035982CBE29080070C965 /* hikeData.json in Resources */,
				775794C72CA6D15500888D3F /* Preview Assets.xcassets in Resources */,
				775794C42CA6D15500888D3F /* Assets.xcassets in Resources */,
				775794D62CB51EAF00888D3F /* landmarkData.json in Resources */,
			);
			runOnlyForDeploymentPostprocessing = 0;
		};
/* End PBXResourcesBuildPhase section */

/* Begin PBXSourcesBuildPhase section */
		775794B82CA6D15300888D3F /* Sources */ = {
			isa = PBXSourcesBuildPhase;
			buildActionMask = 2147483647;
			files = (
				775794C22CA6D15300888D3F /* ContentView.swift in Sources */,
				778C6BB02CBD3E4B003F90A9 /* Badge.swift in Sources */,
				775794D42CB51B8700888D3F /* MapView.swift in Sources */,
				772035A02CBE2A1B0070C965 /* GraphCapsule.swift in Sources */,
				772035A22CBE2A1B0070C965 /* HikeGraph.swift in Sources */,
				775794C02CA6D15300888D3F /* LandmarksApp.swift in Sources */,
				778C6BA42CBBB5AB003F90A9 /* FavoriteButton.swift in Sources */,
				778C6BA82CBC8FDF003F90A9 /* HexagonParameters.swift in Sources */,
				7720359A2CBE293D0070C965 /* Hike.swift in Sources */,
				778C6BAE2CBD3E17003F90A9 /* RotatedBadgeSymbol.swift in Sources */,
				778C6BAC2CBD3DD4003F90A9 /* BadgeSymbol.swift in Sources */,
				775794E12CB7621A00888D3F /* LandmarkList.swift in Sources */,
				772035A12CBE2A1B0070C965 /* HikeDetail.swift in Sources */,
				772035A32CBE2A1B0070C965 /* HikeView.swift in Sources */,
				775794E32CB7649E00888D3F /* LandmarkDetail.swift in Sources */,
				778C6BAA2CBC9051003F90A9 /* BadgeBackground.swift in Sources */,
				775794D22CB519C800888D3F /* CircleImage.swift in Sources */,
				775794D82CB549BE00888D3F /* Landmark.swift in Sources */,
				775794DF2CB75F4C00888D3F /* LandmarkRow.swift in Sources */,
				775794DA2CB75E7500888D3F /* ModelData.swift in Sources */,
			);
			runOnlyForDeploymentPostprocessing = 0;
		};
/* End PBXSourcesBuildPhase section */

/* Begin XCBuildConfiguration section */
		775794C82CA6D15500888D3F /* Debug */ = {
			isa = XCBuildConfiguration;
			buildSettings = {
				ALWAYS_SEARCH_USER_PATHS = NO;
				ASSETCATALOG_COMPILER_GENERATE_SWIFT_ASSET_SYMBOL_EXTENSIONS = YES;
				CLANG_ANALYZER_NONNULL = YES;
				CLANG_ANALYZER_NUMBER_OBJECT_CONVERSION = YES_AGGRESSIVE;
				CLANG_CXX_LANGUAGE_STANDARD = "gnu++20";
				CLANG_ENABLE_MODULES = YES;
				CLANG_ENABLE_OBJC_ARC = YES;
				CLANG_ENABLE_OBJC_WEAK = YES;
				CLANG_WARN_BLOCK_CAPTURE_AUTORELEASING = YES;
				CLANG_WARN_BOOL_CONVERSION = YES;
				CLANG_WARN_COMMA = YES;
				CLANG_WARN_CONSTANT_CONVERSION = YES;
				CLANG_WARN_DEPRECATED_OBJC_IMPLEMENTATIONS = YES;
				CLANG_WARN_DIRECT_OBJC_ISA_USAGE = YES_ERROR;
				CLANG_WARN_DOCUMENTATION_COMMENTS = YES;
				CLANG_WARN_EMPTY_BODY = YES;
				CLANG_WARN_ENUM_CONVERSION = YES;
				CLANG_WARN_INFINITE_RECURSION = YES;
				CLANG_WARN_INT_CONVERSION = YES;
				CLANG_WARN_NON_LITERAL_NULL_CONVERSION = YES;
				CLANG_WARN_OBJC_IMPLICIT_RETAIN_SELF = YES;
				CLANG_WARN_OBJC_LITERAL_CONVERSION = YES;
				CLANG_WARN_OBJC_ROOT_CLASS = YES_ERROR;
				CLANG_WARN_QUOTED_INCLUDE_IN_FRAMEWORK_HEADER = YES;
				CLANG_WARN_RANGE_LOOP_ANALYSIS = YES;
				CLANG_WARN_STRICT_PROTOTYPES = YES;
				CLANG_WARN_SUSPICIOUS_MOVE = YES;
				CLANG_WARN_UNGUARDED_AVAILABILITY = YES_AGGRESSIVE;
				CLANG_WARN_UNREACHABLE_CODE = YES;
				CLANG_WARN__DUPLICATE_METHOD_MATCH = YES;
				COPY_PHASE_STRIP = NO;
				DEBUG_INFORMATION_FORMAT = dwarf;
				ENABLE_STRICT_OBJC_MSGSEND = YES;
				ENABLE_TESTABILITY = YES;
				ENABLE_USER_SCRIPT_SANDBOXING = YES;
				GCC_C_LANGUAGE_STANDARD = gnu17;
				GCC_DYNAMIC_NO_PIC = NO;
				GCC_NO_COMMON_BLOCKS = YES;
				GCC_OPTIMIZATION_LEVEL = 0;
				GCC_PREPROCESSOR_DEFINITIONS = (
					"DEBUG=1",
					"$(inherited)",
				);
				GCC_WARN_64_TO_32_BIT_CONVERSION = YES;
				GCC_WARN_ABOUT_RETURN_TYPE = YES_ERROR;
				GCC_WARN_UNDECLARED_SELECTOR = YES;
				GCC_WARN_UNINITIALIZED_AUTOS = YES_AGGRESSIVE;
				GCC_WARN_UNUSED_FUNCTION = YES;
				GCC_WARN_UNUSED_VARIABLE = YES;
				IPHONEOS_DEPLOYMENT_TARGET = 17.5;
				LOCALIZATION_PREFERS_STRING_CATALOGS = YES;
				MTL_ENABLE_DEBUG_INFO = INCLUDE_SOURCE;
				MTL_FAST_MATH = YES;
				ONLY_ACTIVE_ARCH = YES;
				SDKROOT = iphoneos;
				SWIFT_ACTIVE_COMPILATION_CONDITIONS = "DEBUG $(inherited)";
				SWIFT_OPTIMIZATION_LEVEL = "-Onone";
			};
			name = Debug;
		};
		775794C92CA6D15500888D3F /* Release */ = {
			isa = XCBuildConfiguration;
			buildSettings = {
				ALWAYS_SEARCH_USER_PATHS = NO;
				ASSETCATALOG_COMPILER_GENERATE_SWIFT_ASSET_SYMBOL_EXTENSIONS = YES;
				CLANG_ANALYZER_NONNULL = YES;
				CLANG_ANALYZER_NUMBER_OBJECT_CONVERSION = YES_AGGRESSIVE;
				CLANG_CXX_LANGUAGE_STANDARD = "gnu++20";
				CLANG_ENABLE_MODULES = YES;
				CLANG_ENABLE_OBJC_ARC = YES;
				CLANG_ENABLE_OBJC_WEAK = YES;
				CLANG_WARN_BLOCK_CAPTURE_AUTORELEASING = YES;
				CLANG_WARN_BOOL_CONVERSION = YES;
				CLANG_WARN_COMMA = YES;
				CLANG_WARN_CONSTANT_CONVERSION = YES;
				CLANG_WARN_DEPRECATED_OBJC_IMPLEMENTATIONS = YES;
				CLANG_WARN_DIRECT_OBJC_ISA_USAGE = YES_ERROR;
				CLANG_WARN_DOCUMENTATION_COMMENTS = YES;
				CLANG_WARN_EMPTY_BODY = YES;
				CLANG_WARN_ENUM_CONVERSION = YES;
				CLANG_WARN_INFINITE_RECURSION = YES;
				CLANG_WARN_INT_CONVERSION = YES;
				CLANG_WARN_NON_LITERAL_NULL_CONVERSION = YES;
				CLANG_WARN_OBJC_IMPLICIT_RETAIN_SELF = YES;
				CLANG_WARN_OBJC_LITERAL_CONVERSION = YES;
				CLANG_WARN_OBJC_ROOT_CLASS = YES_ERROR;
				CLANG_WARN_QUOTED_INCLUDE_IN_FRAMEWORK_HEADER = YES;
				CLANG_WARN_RANGE_LOOP_ANALYSIS = YES;
				CLANG_WARN_STRICT_PROTOTYPES = YES;
				CLANG_WARN_SUSPICIOUS_MOVE = YES;
				CLANG_WARN_UNGUARDED_AVAILABILITY = YES_AGGRESSIVE;
				CLANG_WARN_UNREACHABLE_CODE = YES;
				CLANG_WARN__DUPLICATE_METHOD_MATCH = YES;
				COPY_PHASE_STRIP = NO;
				DEBUG_INFORMATION_FORMAT = "dwarf-with-dsym";
				ENABLE_NS_ASSERTIONS = NO;
				ENABLE_STRICT_OBJC_MSGSEND = YES;
				ENABLE_USER_SCRIPT_SANDBOXING = YES;
				GCC_C_LANGUAGE_STANDARD = gnu17;
				GCC_NO_COMMON_BLOCKS = YES;
				GCC_WARN_64_TO_32_BIT_CONVERSION = YES;
				GCC_WARN_ABOUT_RETURN_TYPE = YES_ERROR;
				GCC_WARN_UNDECLARED_SELECTOR = YES;
				GCC_WARN_UNINITIALIZED_AUTOS = YES_AGGRESSIVE;
				GCC_WARN_UNUSED_FUNCTION = YES;
				GCC_WARN_UNUSED_VARIABLE = YES;
				IPHONEOS_DEPLOYMENT_TARGET = 17.5;
				LOCALIZATION_PREFERS_STRING_CATALOGS = YES;
				MTL_ENABLE_DEBUG_INFO = NO;
				MTL_FAST_MATH = YES;
				SDKROOT = iphoneos;
				SWIFT_COMPILATION_MODE = wholemodule;
				VALIDATE_PRODUCT = YES;
			};
			name = Release;
		};
		775794CB2CA6D15500888D3F /* Debug */ = {
			isa = XCBuildConfiguration;
			buildSettings = {
				ASSETCATALOG_COMPILER_APPICON_NAME = AppIcon;
				ASSETCATALOG_COMPILER_GLOBAL_ACCENT_COLOR_NAME = AccentColor;
				CODE_SIGN_STYLE = Automatic;
				CURRENT_PROJECT_VERSION = 1;
				DEVELOPMENT_ASSET_PATHS = "\"Landmarks/Preview Content\"";
				DEVELOPMENT_TEAM = L3HVC2KC9S;
				ENABLE_PREVIEWS = YES;
				GENERATE_INFOPLIST_FILE = YES;
				INFOPLIST_KEY_UIApplicationSceneManifest_Generation = YES;
				INFOPLIST_KEY_UIApplicationSupportsIndirectInputEvents = YES;
				INFOPLIST_KEY_UILaunchScreen_Generation = YES;
				INFOPLIST_KEY_UISupportedInterfaceOrientations_iPad = "UIInterfaceOrientationPortrait UIInterfaceOrientationPortraitUpsideDown UIInterfaceOrientationLandscapeLeft UIInterfaceOrientationLandscapeRight";
				INFOPLIST_KEY_UISupportedInterfaceOrientations_iPhone = "UIInterfaceOrientationPortrait UIInterfaceOrientationLandscapeLeft UIInterfaceOrientationLandscapeRight";
				LD_RUNPATH_SEARCH_PATHS = (
					"$(inherited)",
					"@executable_path/Frameworks",
				);
				MARKETING_VERSION = 1.0;
				PRODUCT_BUNDLE_IDENTIFIER = kr.hs.dgsw.Landmarks;
				PRODUCT_NAME = "$(TARGET_NAME)";
				SWIFT_EMIT_LOC_STRINGS = YES;
				SWIFT_VERSION = 5.0;
				TARGETED_DEVICE_FAMILY = "1,2";
			};
			name = Debug;
		};
		775794CC2CA6D15500888D3F /* Release */ = {
			isa = XCBuildConfiguration;
			buildSettings = {
				ASSETCATALOG_COMPILER_APPICON_NAME = AppIcon;
				ASSETCATALOG_COMPILER_GLOBAL_ACCENT_COLOR_NAME = AccentColor;
				CODE_SIGN_STYLE = Automatic;
				CURRENT_PROJECT_VERSION = 1;
				DEVELOPMENT_ASSET_PATHS = "\"Landmarks/Preview Content\"";
				DEVELOPMENT_TEAM = L3HVC2KC9S;
				ENABLE_PREVIEWS = YES;
				GENERATE_INFOPLIST_FILE = YES;
				INFOPLIST_KEY_UIApplicationSceneManifest_Generation = YES;
				INFOPLIST_KEY_UIApplicationSupportsIndirectInputEvents = YES;
				INFOPLIST_KEY_UILaunchScreen_Generation = YES;
				INFOPLIST_KEY_UISupportedInterfaceOrientations_iPad = "UIInterfaceOrientationPortrait UIInterfaceOrientationPortraitUpsideDown UIInterfaceOrientationLandscapeLeft UIInterfaceOrientationLandscapeRight";
				INFOPLIST_KEY_UISupportedInterfaceOrientations_iPhone = "UIInterfaceOrientationPortrait UIInterfaceOrientationLandscapeLeft UIInterfaceOrientationLandscapeRight";
				LD_RUNPATH_SEARCH_PATHS = (
					"$(inherited)",
					"@executable_path/Frameworks",
				);
				MARKETING_VERSION = 1.0;
				PRODUCT_BUNDLE_IDENTIFIER = kr.hs.dgsw.Landmarks;
				PRODUCT_NAME = "$(TARGET_NAME)";
				SWIFT_EMIT_LOC_STRINGS = YES;
				SWIFT_VERSION = 5.0;
				TARGETED_DEVICE_FAMILY = "1,2";
			};
			name = Release;
		};
/* End XCBuildConfiguration section */

/* Begin XCConfigurationList section */
		775794B72CA6D15300888D3F /* Build configuration list for PBXProject "Landmarks" */ = {
			isa = XCConfigurationList;
			buildConfigurations = (
				775794C82CA6D15500888D3F /* Debug */,
				775794C92CA6D15500888D3F /* Release */,
			);
			defaultConfigurationIsVisible = 0;
			defaultConfigurationName = Release;
		};
		775794CA2CA6D15500888D3F /* Build configuration list for PBXNativeTarget "Landmarks" */ = {
			isa = XCConfigurationList;
			buildConfigurations = (
				775794CB2CA6D15500888D3F /* Debug */,
				775794CC2CA6D15500888D3F /* Release */,
			);
			defaultConfigurationIsVisible = 0;
			defaultConfigurationName = Release;
		};
/* End XCConfigurationList section */
	};
	rootObject = 775794B42CA6D15300888D3F /* Project object */;
}
